{
    "name": "rules_nodejs_windows_runfiles",
    "version": "0.1.0",
    "lockfileVersion": 1,
    "requires": true,
    "dependencies": {
        "@bazel/bazelisk": {
            "version": "1.3.0",
            "resolved": "https://registry.npmjs.org/@bazel/bazelisk/-/bazelisk-1.3.0.tgz",
            "integrity": "sha512-73H1nq3572tTf+dhDT86aWQN+LCyfxrh05jabqPXp6cpR8soxte3gS5oUqkN36fUe+J2HzNiV4CXZTz4Xytd3Q==",
            "dev": true
        },
        "@bazel/buildifier": {
            "version": "0.29.0",
            "resolved": "https://registry.npmjs.org/@bazel/buildifier/-/buildifier-0.29.0.tgz",
            "integrity": "sha512-skJ7vVff7x3tB8crBCtJji2wU09uH0uD2N30xfOpVUgsMJSXktAQMj8+RPdMBqJQ9XS5+O5lmRthR35Ua7xQXA==",
            "dev": true,
            "requires": {
                "@bazel/buildifier-darwin_x64": "0.29.0",
                "@bazel/buildifier-linux_x64": "0.29.0",
                "@bazel/buildifier-win32_x64": "0.29.0"
            },
            "dependencies": {
                "@bazel/buildifier-darwin_x64": {
                    "version": "0.29.0",
                    "resolved": "https://registry.npmjs.org/@bazel/buildifier-darwin_x64/-/buildifier-darwin_x64-0.29.0.tgz",
                    "integrity": "sha512-jiQIZo5z1c8oFokD2jObrkB04Bs+7RaUJ6WlHV9BBeJiRMGfRVUBUrOF5eJPk6VB8qknIOfHvJD/Ym5XUc1Zlw==",
                    "dev": true,
                    "optional": true
                },
                "@bazel/buildifier-linux_x64": {
                    "version": "0.29.0",
                    "resolved": "https://registry.npmjs.org/@bazel/buildifier-linux_x64/-/buildifier-linux_x64-0.29.0.tgz",
                    "integrity": "sha512-sXXY0gP4oC1nC1G8Baqd7kyBL/y9/qOqftKSkDe2Y7gBoc9GslwyexwDxTSxK0Gun/4Vcvc2eRu7b83hMOxuag==",
                    "dev": true,
                    "optional": true
                },
                "@bazel/buildifier-win32_x64": {
                    "version": "0.29.0",
                    "resolved": "https://registry.npmjs.org/@bazel/buildifier-win32_x64/-/buildifier-win32_x64-0.29.0.tgz",
                    "integrity": "sha512-hnOQfPhQNAIqbrhsHT3MWAyAZSUhKwxzEuZJZoOsGrW8fPonhKysdvfZJqfqJ6vDVYaMJKvLnSO1c9QZRhU7kQ==",
                    "dev": true,
                    "optional": true
                }
            }
        },
        "@bazel/ibazel": {
            "version": "0.12.2",
            "resolved": "https://registry.npmjs.org/@bazel/ibazel/-/ibazel-0.12.2.tgz",
            "integrity": "sha512-CktVREceZn+6VokQ7A2qByuXBSGRM0THuyv68JUShHYyCkYS94nYMZEIe5NXk12CRzcpMLfZGD5Gdtr+jWs9pw==",
            "dev": true
        }
    }
}
